
Microsoft Visual Studio Solution File, Format Version 12.00
# Visual Studio 14
VisualStudioVersion = 14.0.25123.0
MinimumVisualStudioVersion = 10.0.40219.1
Project("{FAE04EC0-301F-11D3-BF4B-00C04F79EFBC}") = "ClientTool", "ClientTool\ClientTool.csproj", "{2D808010-16E5-4CDD-8EAE-9946471C008B}"
EndProject
Project("{FAE04EC0-301F-11D3-BF4B-00C04F79EFBC}") = "SetInfoWallpaper", "SetInfoWallpaper\SetInfoWallpaper.csproj", "{4A716038-7805-4871-B0ED-3010C798FE53}"
EndProject
Project("{FAE04EC0-301F-11D3-BF4B-00C04F79EFBC}") = "Notification", "Notification\Notification.csproj", "{AEB0E18F-8BEB-48B8-91EF-5D0992C68433}"
EndProject
Global
	GlobalSection(SolutionConfigurationPlatforms) = preSolution
		Debug|Any CPU = Debug|Any CPU
		Release|Any CPU = Release|Any CPU
	EndGlobalSection
	GlobalSection(ProjectConfigurationPlatforms) = postSolution
		{2D808010-16E5-4CDD-8EAE-9946471C008B}.Debug|Any CPU.ActiveCfg = Debug|Any CPU
		{2D808010-16E5-4CDD-8EAE-9946471C008B}.Debug|Any CPU.Build.0 = Debug|Any CPU
		{2D808010-16E5-4CDD-8EAE-9946471C008B}.Release|Any CPU.ActiveCfg = Release|Any CPU
		{2D808010-16E5-4CDD-8EAE-9946471C008B}.Release|Any CPU.Build.0 = Release|Any CPU
		{4A716038-7805-4871-B0ED-3010C798FE53}.Debug|Any CPU.ActiveCfg = Debug|Any CPU
		{4A716038-7805-4871-B0ED-3010C798FE53}.Debug|Any CPU.Build.0 = Debug|Any CPU
		{4A716038-7805-4871-B0ED-3010C798FE53}.Release|Any CPU.ActiveCfg = Release|Any CPU
		{4A716038-7805-4871-B0ED-3010C798FE53}.Release|Any CPU.Build.0 = Release|Any CPU
		{AEB0E18F-8BEB-48B8-91EF-5D0992C68433}.Debug|Any CPU.ActiveCfg = Debug|Any CPU
		{AEB0E18F-8BEB-48B8-91EF-5D0992C68433}.Debug|Any CPU.Build.0 = Debug|Any CPU
		{AEB0E18F-8BEB-48B8-91EF-5D0992C68433}.Release|Any CPU.ActiveCfg = Release|Any CPU
		{AEB0E18F-8BEB-48B8-91EF-5D0992C68433}.Release|Any CPU.Build.0 = Release|Any CPU
	EndGlobalSection
	GlobalSection(SolutionProperties) = preSolution
		HideSolutionNode = FALSE
	EndGlobalSection
EndGlobal
